
Microsoft Visual Studio Solution File, Format Version 12.00
# Visual Studio Version 16
VisualStudioVersion = 16.0.31313.79
MinimumVisualStudioVersion = 10.0.40219.1
Project("{FAE04EC0-301F-11D3-BF4B-00C04F79EFBC}") = "WebApi", "WebApi\WebApi.csproj", "{F9531C83-569B-437A-8966-6ADD89A679C4}"
EndProject
Project("{FAE04EC0-301F-11D3-BF4B-00C04F79EFBC}") = "Data", "Data\Data.csproj", "{1C9E750F-1640-4C3B-8C9F-715DCC474FED}"
EndProject
Project("{FAE04EC0-301F-11D3-BF4B-00C04F79EFBC}") = "Domain", "Domain\Domain.csproj", "{67A01DF9-71F8-4A99-BD3D-8D372B18493F}"
EndProject
Project("{FAE04EC0-301F-11D3-BF4B-00C04F79EFBC}") = "WebApp", "WebApp\WebApp.csproj", "{7D3AB033-4057-4FDA-AF64-8AE2F02672E3}"
EndProject
Project("{FAE04EC0-301F-11D3-BF4B-00C04F79EFBC}") = "UnitTestProject1", "UnitTestProject1\UnitTestProject1.csproj", "{43ED412F-C7AA-4E3A-83C4-6AE381AD1E2D}"
EndProject
Global
	GlobalSection(SolutionConfigurationPlatforms) = preSolution
		Debug|Any CPU = Debug|Any CPU
		Release|Any CPU = Release|Any CPU
	EndGlobalSection
	GlobalSection(ProjectConfigurationPlatforms) = postSolution
		{F9531C83-569B-437A-8966-6ADD89A679C4}.Debug|Any CPU.ActiveCfg = Debug|Any CPU
		{F9531C83-569B-437A-8966-6ADD89A679C4}.Debug|Any CPU.Build.0 = Debug|Any CPU
		{F9531C83-569B-437A-8966-6ADD89A679C4}.Release|Any CPU.ActiveCfg = Release|Any CPU
		{F9531C83-569B-437A-8966-6ADD89A679C4}.Release|Any CPU.Build.0 = Release|Any CPU
		{1C9E750F-1640-4C3B-8C9F-715DCC474FED}.Debug|Any CPU.ActiveCfg = Debug|Any CPU
		{1C9E750F-1640-4C3B-8C9F-715DCC474FED}.Debug|Any CPU.Build.0 = Debug|Any CPU
		{1C9E750F-1640-4C3B-8C9F-715DCC474FED}.Release|Any CPU.ActiveCfg = Release|Any CPU
		{1C9E750F-1640-4C3B-8C9F-715DCC474FED}.Release|Any CPU.Build.0 = Release|Any CPU
		{67A01DF9-71F8-4A99-BD3D-8D372B18493F}.Debug|Any CPU.ActiveCfg = Debug|Any CPU
		{67A01DF9-71F8-4A99-BD3D-8D372B18493F}.Debug|Any CPU.Build.0 = Debug|Any CPU
		{67A01DF9-71F8-4A99-BD3D-8D372B18493F}.Release|Any CPU.ActiveCfg = Release|Any CPU
		{67A01DF9-71F8-4A99-BD3D-8D372B18493F}.Release|Any CPU.Build.0 = Release|Any CPU
		{7D3AB033-4057-4FDA-AF64-8AE2F02672E3}.Debug|Any CPU.ActiveCfg = Debug|Any CPU
		{7D3AB033-4057-4FDA-AF64-8AE2F02672E3}.Debug|Any CPU.Build.0 = Debug|Any CPU
		{7D3AB033-4057-4FDA-AF64-8AE2F02672E3}.Release|Any CPU.ActiveCfg = Release|Any CPU
		{7D3AB033-4057-4FDA-AF64-8AE2F02672E3}.Release|Any CPU.Build.0 = Release|Any CPU
		{43ED412F-C7AA-4E3A-83C4-6AE381AD1E2D}.Debug|Any CPU.ActiveCfg = Debug|Any CPU
		{43ED412F-C7AA-4E3A-83C4-6AE381AD1E2D}.Debug|Any CPU.Build.0 = Debug|Any CPU
		{43ED412F-C7AA-4E3A-83C4-6AE381AD1E2D}.Release|Any CPU.ActiveCfg = Release|Any CPU
		{43ED412F-C7AA-4E3A-83C4-6AE381AD1E2D}.Release|Any CPU.Build.0 = Release|Any CPU
	EndGlobalSection
	GlobalSection(SolutionProperties) = preSolution
		HideSolutionNode = FALSE
	EndGlobalSection
	GlobalSection(ExtensibilityGlobals) = postSolution
		SolutionGuid = {0E03B433-383D-4A44-A789-C935893E8A27}
	EndGlobalSection
EndGlobal
